
Microsoft Visual Studio Solution File, Format Version 12.00
# Visual Studio 2013
VisualStudioVersion = 12.0.40629.0
MinimumVisualStudioVersion = 10.0.40219.1
Project("{FAE04EC0-301F-11D3-BF4B-00C04F79EFBC}") = "CodeFirstDemo", "CodeFirstDemo\CodeFirstDemo.csproj", "{7F17EC90-2F94-4CAF-A823-6BF04C662CB5}"
EndProject
Global
	GlobalSection(SolutionConfigurationPlatforms) = preSolution
		Debug|Any CPU = Debug|Any CPU
		Release|Any CPU = Release|Any CPU
	EndGlobalSection
	GlobalSection(ProjectConfigurationPlatforms) = postSolution
		{7F17EC90-2F94-4CAF-A823-6BF04C662CB5}.Debug|Any CPU.ActiveCfg = Debug|Any CPU
		{7F17EC90-2F94-4CAF-A823-6BF04C662CB5}.Debug|Any CPU.Build.0 = Debug|Any CPU
		{7F17EC90-2F94-4CAF-A823-6BF04C662CB5}.Release|Any CPU.ActiveCfg = Release|Any CPU
		{7F17EC90-2F94-4CAF-A823-6BF04C662CB5}.Release|Any CPU.Build.0 = Release|Any CPU
	EndGlobalSection
	GlobalSection(SolutionProperties) = preSolution
		HideSolutionNode = FALSE
	EndGlobalSection
EndGlobal
